<?xml version="1.0" encoding="utf-8"?>
<Project ToolsVersion="15.0" xmlns="http://schemas.microsoft.com/developer/msbuild/2003">
  <ItemGroup>
    <ClCompile Include="rs-pointcloud.cpp">
      <Filter>Source Files</Filter>
    </ClCompile>
    <ClCompile Include="Sensor.cpp">
      <Filter>Source Files</Filter>
    </ClCompile>
    <ClCompile Include="RSPCSensor.cpp">
      <Filter>Source Files</Filter>
    </ClCompile>
    <ClCompile Include="FrameExtratManager.cpp">
      <Filter>Source Files</Filter>
    </ClCompile>
    <ClCompile Include="RSPCFrame.cpp">
      <Filter>Source Files</Filter>
    </ClCompile>
  </ItemGroup>
  <ItemGroup>
    <ClInclude Include="example.hpp">
      <Filter>Header Files</Filter>
    </ClInclude>
    <ClInclude Include="..\include\RsPointcloudCommon.h">
      <Filter>Header Files</Filter>
    </ClInclude>
    <ClInclude Include="Sensor.h">
      <Filter>Header Files</Filter>
    </ClInclude>
    <ClInclude Include="..\include\RSPCSensor.h">
      <Filter>Header Files</Filter>
    </ClInclude>
    <ClInclude Include="..\include\RSPCFrame.h">
      <Filter>Header Files</Filter>
    </ClInclude>
    <ClInclude Include="..\include\FrameExtratManager.h">
      <Filter>Header Files</Filter>
    </ClInclude>
  </ItemGroup>
  <ItemGroup>
    <Filter Include="Header Files">
      <UniqueIdentifier>{AF86E556-3E38-3C63-AB3F-2CF5A5A6A1B9}</UniqueIdentifier>
    </Filter>
    <Filter Include="Source Files">
      <UniqueIdentifier>{4EC2D48F-A32C-31CB-8B26-FB4750ECD8DB}</UniqueIdentifier>
    </Filter>
  </ItemGroup>
</Project>